
Microsoft Visual Studio Solution File, Format Version 12.00
# Visual Studio Version 17
VisualStudioVersion = 17.7.34202.233
MinimumVisualStudioVersion = 10.0.40219.1
Project("{FAE04EC0-301F-11D3-BF4B-00C04F79EFBC}") = "lab-2.1-zadanie1-variant8", "lab-2.1-zadanie1-variant8\lab-2.1-zadanie1-variant8.csproj", "{8DEDE4EC-F288-4B4A-91DE-022808C1A929}"
EndProject
Global
	GlobalSection(SolutionConfigurationPlatforms) = preSolution
		Debug|Any CPU = Debug|Any CPU
		Release|Any CPU = Release|Any CPU
	EndGlobalSection
	GlobalSection(ProjectConfigurationPlatforms) = postSolution
		{8DEDE4EC-F288-4B4A-91DE-022808C1A929}.Debug|Any CPU.ActiveCfg = Debug|Any CPU
		{8DEDE4EC-F288-4B4A-91DE-022808C1A929}.Debug|Any CPU.Build.0 = Debug|Any CPU
		{8DEDE4EC-F288-4B4A-91DE-022808C1A929}.Release|Any CPU.ActiveCfg = Release|Any CPU
		{8DEDE4EC-F288-4B4A-91DE-022808C1A929}.Release|Any CPU.Build.0 = Release|Any CPU
	EndGlobalSection
	GlobalSection(SolutionProperties) = preSolution
		HideSolutionNode = FALSE
	EndGlobalSection
	GlobalSection(ExtensibilityGlobals) = postSolution
		SolutionGuid = {3BC4315A-C379-432A-87AF-8533EF69BA71}
	EndGlobalSection
EndGlobal
