
Microsoft Visual Studio Solution File, Format Version 12.00
# Visual Studio Version 17
VisualStudioVersion = 17.7.34202.233
MinimumVisualStudioVersion = 10.0.40219.1
Project("{FAE04EC0-301F-11D3-BF4B-00C04F79EFBC}") = "lab3-zadanie2-variant-8", "lab3-zadanie2-variant-8\lab3-zadanie2-variant-8.csproj", "{B14F548E-D268-4C5A-8999-D3EF34BCA5A3}"
EndProject
Global
	GlobalSection(SolutionConfigurationPlatforms) = preSolution
		Debug|Any CPU = Debug|Any CPU
		Release|Any CPU = Release|Any CPU
	EndGlobalSection
	GlobalSection(ProjectConfigurationPlatforms) = postSolution
		{B14F548E-D268-4C5A-8999-D3EF34BCA5A3}.Debug|Any CPU.ActiveCfg = Debug|Any CPU
		{B14F548E-D268-4C5A-8999-D3EF34BCA5A3}.Debug|Any CPU.Build.0 = Debug|Any CPU
		{B14F548E-D268-4C5A-8999-D3EF34BCA5A3}.Release|Any CPU.ActiveCfg = Release|Any CPU
		{B14F548E-D268-4C5A-8999-D3EF34BCA5A3}.Release|Any CPU.Build.0 = Release|Any CPU
	EndGlobalSection
	GlobalSection(SolutionProperties) = preSolution
		HideSolutionNode = FALSE
	EndGlobalSection
	GlobalSection(ExtensibilityGlobals) = postSolution
		SolutionGuid = {49BFDFE5-BF52-43C1-90E5-C13602F21B96}
	EndGlobalSection
EndGlobal
