
Microsoft Visual Studio Solution File, Format Version 12.00
# Visual Studio Version 17
VisualStudioVersion = 17.7.34202.233
MinimumVisualStudioVersion = 10.0.40219.1
Project("{FAE04EC0-301F-11D3-BF4B-00C04F79EFBC}") = "MyApp", "ConsoleApp9\MyApp.csproj", "{D78D558C-339F-43F0-9C09-E7203B7EDF83}"
EndProject
Global
	GlobalSection(SolutionConfigurationPlatforms) = preSolution
		Debug|Any CPU = Debug|Any CPU
		Release|Any CPU = Release|Any CPU
	EndGlobalSection
	GlobalSection(ProjectConfigurationPlatforms) = postSolution
		{D78D558C-339F-43F0-9C09-E7203B7EDF83}.Debug|Any CPU.ActiveCfg = Debug|Any CPU
		{D78D558C-339F-43F0-9C09-E7203B7EDF83}.Debug|Any CPU.Build.0 = Debug|Any CPU
		{D78D558C-339F-43F0-9C09-E7203B7EDF83}.Release|Any CPU.ActiveCfg = Release|Any CPU
		{D78D558C-339F-43F0-9C09-E7203B7EDF83}.Release|Any CPU.Build.0 = Release|Any CPU
	EndGlobalSection
	GlobalSection(SolutionProperties) = preSolution
		HideSolutionNode = FALSE
	EndGlobalSection
	GlobalSection(ExtensibilityGlobals) = postSolution
		SolutionGuid = {0A655A96-8CA0-4EA0-A400-7367A998D082}
	EndGlobalSection
EndGlobal
